{
  "name": "@cavalre/contracts",
  "version": "0.1.0",
  "lockfileVersion": 3,
  "requires": true,
  "packages": {
    "": {
      "name": "@cavalre/contracts",
      "version": "0.1.0",
      "license": "MIT",
      "devDependencies": {
        "forge-std": "github:foundry-rs/forge-std"
      }
    },
    "node_modules/forge-std": {
      "version": "1.7.6",
      "resolved": "git+ssh://git@github.com/foundry-rs/forge-std.git#4513bc2063f23c57bee6558799584b518d387a39",
      "dev": true,
      "license": "(Apache-2.0 OR MIT)"
    }
  }
}
