{
  "name": "@cavalre/contracts",
  "version": "0.1.0",
  "lockfileVersion": 3,
  "requires": true,
  "packages": {
    "": {
      "name": "@cavalre/contracts",
      "version": "0.1.0",
      "license": "MIT",
      "dependencies": {
        "@cavalre/openzeppelin": "github:CavalRe/openzeppellin"
      },
      "devDependencies": {
        "forge-std": "github:foundry-rs/forge-std"
      }
    },
    "node_modules/@cavalre/openzeppelin": {
      "version": "0.1.0",
      "resolved": "git+ssh://git@github.com/CavalRe/openzeppellin.git#6b6f3cb181f940420470508001774a68da493d0f",
      "license": "MIT"
    },
    "node_modules/forge-std": {
      "version": "1.7.6",
      "resolved": "git+ssh://git@github.com/foundry-rs/forge-std.git#4513bc2063f23c57bee6558799584b518d387a39",
      "dev": true,
      "license": "(Apache-2.0 OR MIT)"
    }
  }
}
