{
  "name": "@cavalre/contracts",
  "version": "0.1.0",
  "lockfileVersion": 3,
  "requires": true,
  "packages": {
    "": {
      "name": "@cavalre/contracts",
      "version": "0.1.0",
      "license": "MIT",
      "dependencies": {
        "@openzeppelin/contracts-upgradeable": "^5.5.0",
        "solady": "^0.1.18"
      },
      "devDependencies": {
        "forge-std": "github:foundry-rs/forge-std"
      }
    },
    "node_modules/@openzeppelin/contracts": {
      "version": "5.5.0",
      "resolved": "https://registry.npmjs.org/@openzeppelin/contracts/-/contracts-5.5.0.tgz",
      "integrity": "sha512-R8hq4zmKKWP2c7OxeRgAcjZwvF5W0Qq2OIX7degrtdM52Q9xYr4MLJdUAVPKGUewNJ1qo+M6YiZLLnNUnjP/gg==",
      "license": "MIT",
      "peer": true
    },
    "node_modules/@openzeppelin/contracts-upgradeable": {
      "version": "5.5.0",
      "resolved": "https://registry.npmjs.org/@openzeppelin/contracts-upgradeable/-/contracts-upgradeable-5.5.0.tgz",
      "integrity": "sha512-Va5hKG5oaK0EE5bXTVWugcGimMHazxL+SL523dH6WVbGiuLXwuWr9oxtLyPHQSVGtgmlIgtKNR5V+OUpCIUwFQ==",
      "license": "MIT",
      "peerDependencies": {
        "@openzeppelin/contracts": "5.5.0"
      }
    },
    "node_modules/forge-std": {
      "version": "1.9.7",
      "resolved": "git+ssh://git@github.com/foundry-rs/forge-std.git#77041d2ce690e692d6e03cc812b57d1ddaa4d505",
      "dev": true,
      "license": "(Apache-2.0 OR MIT)"
    },
    "node_modules/solady": {
      "version": "0.1.18",
      "resolved": "https://registry.npmjs.org/solady/-/solady-0.1.18.tgz",
      "integrity": "sha512-l++2B3//hZZJt/VpwzBWdx/+7iBQIdHnnheSue8ATbuwCfdpXQr6VPYutHEJTgYvuMhK/0AJGlq6ufE66IqwWQ==",
      "license": "MIT"
    }
  }
}
